{
  "name": "examples",
  "lockfileVersion": 2,
  "requires": true,
  "packages": {
    "": {
      "dependencies": {
        "@symbiotejs/symbiote": "^1.11.6"
      }
    },
    "node_modules/@symbiotejs/symbiote": {
      "version": "1.11.6",
      "resolved": "https://registry.npmjs.org/@symbiotejs/symbiote/-/symbiote-1.11.6.tgz",
      "integrity": "sha512-8uqc0jTzowiUHoeHGPRo2mdTSRAd3eRlOcX+kj+Mk1PmWPchVVL2jCrgrEEqvW0h2ACpHHj/GQ7zVFwz0Y7r+Q=="
    }
  },
  "dependencies": {
    "@symbiotejs/symbiote": {
      "version": "1.11.6",
      "resolved": "https://registry.npmjs.org/@symbiotejs/symbiote/-/symbiote-1.11.6.tgz",
      "integrity": "sha512-8uqc0jTzowiUHoeHGPRo2mdTSRAd3eRlOcX+kj+Mk1PmWPchVVL2jCrgrEEqvW0h2ACpHHj/GQ7zVFwz0Y7r+Q=="
    }
  }
}
